
Microsoft Visual Studio Solution File, Format Version 12.00
# Visual Studio Version 17
VisualStudioVersion = 17.0.31903.59
MinimumVisualStudioVersion = 10.0.40219.1
Project("{2150E333-8FDC-42A3-9474-1A3956D46DE8}") = "src", "src", "{827E0CD3-B72D-47B6-A68D-7590B98EB39B}"
EndProject
Project("{FAE04EC0-301F-11D3-BF4B-00C04F79EFBC}") = "Order.Domain", "src\Order.Domain.csproj", "{C4035842-A17B-40FF-8672-191C36C7AEAC}"
EndProject
Project("{FAE04EC0-301F-11D3-BF4B-00C04F79EFBC}") = "test", "test\test.csproj", "{7615458A-43D1-4BB8-8C11-62954EB355B1}"
EndProject
Project("{FAE04EC0-301F-11D3-BF4B-00C04F79EFBC}") = "Email.Domain", "Email.Domain\Email.Domain.csproj", "{EFE3543C-E6D5-4AAF-87F5-F8B591FC5067}"
EndProject
Project("{FAE04EC0-301F-11D3-BF4B-00C04F79EFBC}") = "Shared", "Shared\Shared.csproj", "{083DDAF2-A10C-4079-9A95-CF7BE9D50E57}"
EndProject
Project("{FAE04EC0-301F-11D3-BF4B-00C04F79EFBC}") = "EntryPoint", "EntryPoint\EntryPoint.csproj", "{8EBCE990-A398-4005-B618-7CABFE7DE1D3}"
EndProject
Global
	GlobalSection(SolutionConfigurationPlatforms) = preSolution
		Debug|Any CPU = Debug|Any CPU
		Debug|x64 = Debug|x64
		Debug|x86 = Debug|x86
		Release|Any CPU = Release|Any CPU
		Release|x64 = Release|x64
		Release|x86 = Release|x86
	EndGlobalSection
	GlobalSection(ProjectConfigurationPlatforms) = postSolution
		{C4035842-A17B-40FF-8672-191C36C7AEAC}.Debug|Any CPU.ActiveCfg = Debug|Any CPU
		{C4035842-A17B-40FF-8672-191C36C7AEAC}.Debug|Any CPU.Build.0 = Debug|Any CPU
		{C4035842-A17B-40FF-8672-191C36C7AEAC}.Debug|x64.ActiveCfg = Debug|Any CPU
		{C4035842-A17B-40FF-8672-191C36C7AEAC}.Debug|x64.Build.0 = Debug|Any CPU
		{C4035842-A17B-40FF-8672-191C36C7AEAC}.Debug|x86.ActiveCfg = Debug|Any CPU
		{C4035842-A17B-40FF-8672-191C36C7AEAC}.Debug|x86.Build.0 = Debug|Any CPU
		{C4035842-A17B-40FF-8672-191C36C7AEAC}.Release|Any CPU.ActiveCfg = Release|Any CPU
		{C4035842-A17B-40FF-8672-191C36C7AEAC}.Release|Any CPU.Build.0 = Release|Any CPU
		{C4035842-A17B-40FF-8672-191C36C7AEAC}.Release|x64.ActiveCfg = Release|Any CPU
		{C4035842-A17B-40FF-8672-191C36C7AEAC}.Release|x64.Build.0 = Release|Any CPU
		{C4035842-A17B-40FF-8672-191C36C7AEAC}.Release|x86.ActiveCfg = Release|Any CPU
		{C4035842-A17B-40FF-8672-191C36C7AEAC}.Release|x86.Build.0 = Release|Any CPU
		{7615458A-43D1-4BB8-8C11-62954EB355B1}.Debug|Any CPU.ActiveCfg = Debug|Any CPU
		{7615458A-43D1-4BB8-8C11-62954EB355B1}.Debug|Any CPU.Build.0 = Debug|Any CPU
		{7615458A-43D1-4BB8-8C11-62954EB355B1}.Debug|x64.ActiveCfg = Debug|Any CPU
		{7615458A-43D1-4BB8-8C11-62954EB355B1}.Debug|x64.Build.0 = Debug|Any CPU
		{7615458A-43D1-4BB8-8C11-62954EB355B1}.Debug|x86.ActiveCfg = Debug|Any CPU
		{7615458A-43D1-4BB8-8C11-62954EB355B1}.Debug|x86.Build.0 = Debug|Any CPU
		{7615458A-43D1-4BB8-8C11-62954EB355B1}.Release|Any CPU.ActiveCfg = Release|Any CPU
		{7615458A-43D1-4BB8-8C11-62954EB355B1}.Release|Any CPU.Build.0 = Release|Any CPU
		{7615458A-43D1-4BB8-8C11-62954EB355B1}.Release|x64.ActiveCfg = Release|Any CPU
		{7615458A-43D1-4BB8-8C11-62954EB355B1}.Release|x64.Build.0 = Release|Any CPU
		{7615458A-43D1-4BB8-8C11-62954EB355B1}.Release|x86.ActiveCfg = Release|Any CPU
		{7615458A-43D1-4BB8-8C11-62954EB355B1}.Release|x86.Build.0 = Release|Any CPU
		{EFE3543C-E6D5-4AAF-87F5-F8B591FC5067}.Debug|Any CPU.ActiveCfg = Debug|Any CPU
		{EFE3543C-E6D5-4AAF-87F5-F8B591FC5067}.Debug|Any CPU.Build.0 = Debug|Any CPU
		{EFE3543C-E6D5-4AAF-87F5-F8B591FC5067}.Debug|x64.ActiveCfg = Debug|Any CPU
		{EFE3543C-E6D5-4AAF-87F5-F8B591FC5067}.Debug|x64.Build.0 = Debug|Any CPU
		{EFE3543C-E6D5-4AAF-87F5-F8B591FC5067}.Debug|x86.ActiveCfg = Debug|Any CPU
		{EFE3543C-E6D5-4AAF-87F5-F8B591FC5067}.Debug|x86.Build.0 = Debug|Any CPU
		{EFE3543C-E6D5-4AAF-87F5-F8B591FC5067}.Release|Any CPU.ActiveCfg = Release|Any CPU
		{EFE3543C-E6D5-4AAF-87F5-F8B591FC5067}.Release|Any CPU.Build.0 = Release|Any CPU
		{EFE3543C-E6D5-4AAF-87F5-F8B591FC5067}.Release|x64.ActiveCfg = Release|Any CPU
		{EFE3543C-E6D5-4AAF-87F5-F8B591FC5067}.Release|x64.Build.0 = Release|Any CPU
		{EFE3543C-E6D5-4AAF-87F5-F8B591FC5067}.Release|x86.ActiveCfg = Release|Any CPU
		{EFE3543C-E6D5-4AAF-87F5-F8B591FC5067}.Release|x86.Build.0 = Release|Any CPU
		{083DDAF2-A10C-4079-9A95-CF7BE9D50E57}.Debug|Any CPU.ActiveCfg = Debug|Any CPU
		{083DDAF2-A10C-4079-9A95-CF7BE9D50E57}.Debug|Any CPU.Build.0 = Debug|Any CPU
		{083DDAF2-A10C-4079-9A95-CF7BE9D50E57}.Debug|x64.ActiveCfg = Debug|Any CPU
		{083DDAF2-A10C-4079-9A95-CF7BE9D50E57}.Debug|x64.Build.0 = Debug|Any CPU
		{083DDAF2-A10C-4079-9A95-CF7BE9D50E57}.Debug|x86.ActiveCfg = Debug|Any CPU
		{083DDAF2-A10C-4079-9A95-CF7BE9D50E57}.Debug|x86.Build.0 = Debug|Any CPU
		{083DDAF2-A10C-4079-9A95-CF7BE9D50E57}.Release|Any CPU.ActiveCfg = Release|Any CPU
		{083DDAF2-A10C-4079-9A95-CF7BE9D50E57}.Release|Any CPU.Build.0 = Release|Any CPU
		{083DDAF2-A10C-4079-9A95-CF7BE9D50E57}.Release|x64.ActiveCfg = Release|Any CPU
		{083DDAF2-A10C-4079-9A95-CF7BE9D50E57}.Release|x64.Build.0 = Release|Any CPU
		{083DDAF2-A10C-4079-9A95-CF7BE9D50E57}.Release|x86.ActiveCfg = Release|Any CPU
		{083DDAF2-A10C-4079-9A95-CF7BE9D50E57}.Release|x86.Build.0 = Release|Any CPU
		{8EBCE990-A398-4005-B618-7CABFE7DE1D3}.Debug|Any CPU.ActiveCfg = Debug|Any CPU
		{8EBCE990-A398-4005-B618-7CABFE7DE1D3}.Debug|Any CPU.Build.0 = Debug|Any CPU
		{8EBCE990-A398-4005-B618-7CABFE7DE1D3}.Debug|x64.ActiveCfg = Debug|Any CPU
		{8EBCE990-A398-4005-B618-7CABFE7DE1D3}.Debug|x64.Build.0 = Debug|Any CPU
		{8EBCE990-A398-4005-B618-7CABFE7DE1D3}.Debug|x86.ActiveCfg = Debug|Any CPU
		{8EBCE990-A398-4005-B618-7CABFE7DE1D3}.Debug|x86.Build.0 = Debug|Any CPU
		{8EBCE990-A398-4005-B618-7CABFE7DE1D3}.Release|Any CPU.ActiveCfg = Release|Any CPU
		{8EBCE990-A398-4005-B618-7CABFE7DE1D3}.Release|Any CPU.Build.0 = Release|Any CPU
		{8EBCE990-A398-4005-B618-7CABFE7DE1D3}.Release|x64.ActiveCfg = Release|Any CPU
		{8EBCE990-A398-4005-B618-7CABFE7DE1D3}.Release|x64.Build.0 = Release|Any CPU
		{8EBCE990-A398-4005-B618-7CABFE7DE1D3}.Release|x86.ActiveCfg = Release|Any CPU
		{8EBCE990-A398-4005-B618-7CABFE7DE1D3}.Release|x86.Build.0 = Release|Any CPU
	EndGlobalSection
	GlobalSection(SolutionProperties) = preSolution
		HideSolutionNode = FALSE
	EndGlobalSection
	GlobalSection(NestedProjects) = preSolution
		{C4035842-A17B-40FF-8672-191C36C7AEAC} = {827E0CD3-B72D-47B6-A68D-7590B98EB39B}
		{EFE3543C-E6D5-4AAF-87F5-F8B591FC5067} = {827E0CD3-B72D-47B6-A68D-7590B98EB39B}
		{083DDAF2-A10C-4079-9A95-CF7BE9D50E57} = {827E0CD3-B72D-47B6-A68D-7590B98EB39B}
		{8EBCE990-A398-4005-B618-7CABFE7DE1D3} = {827E0CD3-B72D-47B6-A68D-7590B98EB39B}
	EndGlobalSection
	GlobalSection(ExtensibilityGlobals) = postSolution
		SolutionGuid = {FBD00F02-0D4B-41B9-8229-05C76013ED8A}
	EndGlobalSection
EndGlobal
